
Microsoft Visual Studio Solution File, Format Version 12.00
# Visual Studio Version 17
VisualStudioVersion = 17.9.34728.123
MinimumVisualStudioVersion = 10.0.40219.1
Project("{FAE04EC0-301F-11D3-BF4B-00C04F79EFBC}") = "server", "Server\server.csproj", "{222F3884-A408-45E8-870B-26A1D7C81631}"
EndProject
Project("{54A90642-561A-4BB1-A94E-469ADEE60C69}") = "client", "client\client.esproj", "{F88571EF-B785-46CE-AA53-D05184CD09B3}"
EndProject
Global
	GlobalSection(SolutionConfigurationPlatforms) = preSolution
		Debug|Any CPU = Debug|Any CPU
		Release|Any CPU = Release|Any CPU
	EndGlobalSection
	GlobalSection(ProjectConfigurationPlatforms) = postSolution
		{222F3884-A408-45E8-870B-26A1D7C81631}.Debug|Any CPU.ActiveCfg = Debug|Any CPU
		{222F3884-A408-45E8-870B-26A1D7C81631}.Debug|Any CPU.Build.0 = Debug|Any CPU
		{222F3884-A408-45E8-870B-26A1D7C81631}.Release|Any CPU.ActiveCfg = Release|Any CPU
		{222F3884-A408-45E8-870B-26A1D7C81631}.Release|Any CPU.Build.0 = Release|Any CPU
		{F88571EF-B785-46CE-AA53-D05184CD09B3}.Debug|Any CPU.ActiveCfg = Debug|Any CPU
		{F88571EF-B785-46CE-AA53-D05184CD09B3}.Debug|Any CPU.Build.0 = Debug|Any CPU
		{F88571EF-B785-46CE-AA53-D05184CD09B3}.Debug|Any CPU.Deploy.0 = Debug|Any CPU
		{F88571EF-B785-46CE-AA53-D05184CD09B3}.Release|Any CPU.ActiveCfg = Release|Any CPU
		{F88571EF-B785-46CE-AA53-D05184CD09B3}.Release|Any CPU.Build.0 = Release|Any CPU
		{F88571EF-B785-46CE-AA53-D05184CD09B3}.Release|Any CPU.Deploy.0 = Release|Any CPU
	EndGlobalSection
	GlobalSection(SolutionProperties) = preSolution
		HideSolutionNode = FALSE
	EndGlobalSection
	GlobalSection(ExtensibilityGlobals) = postSolution
		SolutionGuid = {6637B263-4882-49B5-BF7C-62D21B75A6D8}
	EndGlobalSection
EndGlobal
